
Microsoft Visual Studio Solution File, Format Version 12.00
# Visual Studio Version 17
VisualStudioVersion = 17.10.35013.160
MinimumVisualStudioVersion = 10.0.40219.1
Project("{FAE04EC0-301F-11D3-BF4B-00C04F79EFBC}") = "FIT5032_WEEK2_MyCodeSnippet", "FIT5032_WEEK2_MyCodeSnippet\FIT5032_WEEK2_MyCodeSnippet.csproj", "{3F271DF4-8462-49F3-84D6-DDFCD8426ED5}"
EndProject
Project("{FAE04EC0-301F-11D3-BF4B-00C04F79EFBC}") = "FIT5032_WEEK2_MyCodeSnippet.Tests", "FIT5032_WEEK2_MyCodeSnippet.Tests\FIT5032_WEEK2_MyCodeSnippet.Tests.csproj", "{E780218A-FFB6-4F01-9639-8A713695639B}"
EndProject
Global
	GlobalSection(SolutionConfigurationPlatforms) = preSolution
		Debug|Any CPU = Debug|Any CPU
		Release|Any CPU = Release|Any CPU
	EndGlobalSection
	GlobalSection(ProjectConfigurationPlatforms) = postSolution
		{3F271DF4-8462-49F3-84D6-DDFCD8426ED5}.Debug|Any CPU.ActiveCfg = Debug|Any CPU
		{3F271DF4-8462-49F3-84D6-DDFCD8426ED5}.Debug|Any CPU.Build.0 = Debug|Any CPU
		{3F271DF4-8462-49F3-84D6-DDFCD8426ED5}.Release|Any CPU.ActiveCfg = Release|Any CPU
		{3F271DF4-8462-49F3-84D6-DDFCD8426ED5}.Release|Any CPU.Build.0 = Release|Any CPU
		{E780218A-FFB6-4F01-9639-8A713695639B}.Debug|Any CPU.ActiveCfg = Debug|Any CPU
		{E780218A-FFB6-4F01-9639-8A713695639B}.Debug|Any CPU.Build.0 = Debug|Any CPU
		{E780218A-FFB6-4F01-9639-8A713695639B}.Release|Any CPU.ActiveCfg = Release|Any CPU
		{E780218A-FFB6-4F01-9639-8A713695639B}.Release|Any CPU.Build.0 = Release|Any CPU
	EndGlobalSection
	GlobalSection(SolutionProperties) = preSolution
		HideSolutionNode = FALSE
	EndGlobalSection
	GlobalSection(ExtensibilityGlobals) = postSolution
		SolutionGuid = {B6122E2F-A285-4366-96A2-C9D3F5AD8A25}
	EndGlobalSection
EndGlobal
